
Microsoft Visual Studio Solution File, Format Version 12.00
# Visual Studio Version 16
VisualStudioVersion = 16.0.31702.278
MinimumVisualStudioVersion = 10.0.40219.1
Project("{FAE04EC0-301F-11D3-BF4B-00C04F79EFBC}") = "AuthenticationSystem", "AuthenticationSystem\AuthenticationSystem.csproj", "{E39C0257-4822-41FE-8BEE-9A9FEDBA9653}"
EndProject
Global
	GlobalSection(SolutionConfigurationPlatforms) = preSolution
		Debug|Any CPU = Debug|Any CPU
		Release|Any CPU = Release|Any CPU
	EndGlobalSection
	GlobalSection(ProjectConfigurationPlatforms) = postSolution
		{E39C0257-4822-41FE-8BEE-9A9FEDBA9653}.Debug|Any CPU.ActiveCfg = Debug|Any CPU
		{E39C0257-4822-41FE-8BEE-9A9FEDBA9653}.Debug|Any CPU.Build.0 = Debug|Any CPU
		{E39C0257-4822-41FE-8BEE-9A9FEDBA9653}.Release|Any CPU.ActiveCfg = Release|Any CPU
		{E39C0257-4822-41FE-8BEE-9A9FEDBA9653}.Release|Any CPU.Build.0 = Release|Any CPU
	EndGlobalSection
	GlobalSection(SolutionProperties) = preSolution
		HideSolutionNode = FALSE
	EndGlobalSection
	GlobalSection(ExtensibilityGlobals) = postSolution
		SolutionGuid = {135B80A8-E280-4354-B0AC-E336FE8E8584}
	EndGlobalSection
EndGlobal
